
Microsoft Visual Studio Solution File, Format Version 12.00
# Visual Studio Version 16
VisualStudioVersion = 16.0.30804.86
MinimumVisualStudioVersion = 10.0.40219.1
Project("{FAE04EC0-301F-11D3-BF4B-00C04F79EFBC}") = "TutorialJenkins", "TutorialJenkins\TutorialJenkins.csproj", "{BE8A4855-476D-4954-AA7B-E17FF9A382AF}"
EndProject
Global
	GlobalSection(SolutionConfigurationPlatforms) = preSolution
		Debug|Any CPU = Debug|Any CPU
		Release|Any CPU = Release|Any CPU
	EndGlobalSection
	GlobalSection(ProjectConfigurationPlatforms) = postSolution
		{BE8A4855-476D-4954-AA7B-E17FF9A382AF}.Debug|Any CPU.ActiveCfg = Debug|Any CPU
		{BE8A4855-476D-4954-AA7B-E17FF9A382AF}.Debug|Any CPU.Build.0 = Debug|Any CPU
		{BE8A4855-476D-4954-AA7B-E17FF9A382AF}.Release|Any CPU.ActiveCfg = Release|Any CPU
		{BE8A4855-476D-4954-AA7B-E17FF9A382AF}.Release|Any CPU.Build.0 = Release|Any CPU
	EndGlobalSection
	GlobalSection(SolutionProperties) = preSolution
		HideSolutionNode = FALSE
	EndGlobalSection
	GlobalSection(ExtensibilityGlobals) = postSolution
		SolutionGuid = {8E09CDAD-4CEE-4C64-9FE2-B7C3B749D626}
	EndGlobalSection
EndGlobal
